
Microsoft Visual Studio Solution File, Format Version 12.00
# Visual Studio Version 17
VisualStudioVersion = 17.8.34330.188
MinimumVisualStudioVersion = 10.0.40219.1
Project("{FAE04EC0-301F-11D3-BF4B-00C04F79EFBC}") = "HelloWorld", "HelloWorld\HelloWorld.csproj", "{3F267D0F-3EE6-480D-AC00-E2ECCE3250A6}"
EndProject
Global
	GlobalSection(SolutionConfigurationPlatforms) = preSolution
		Debug|Any CPU = Debug|Any CPU
		Release|Any CPU = Release|Any CPU
	EndGlobalSection
	GlobalSection(ProjectConfigurationPlatforms) = postSolution
		{3F267D0F-3EE6-480D-AC00-E2ECCE3250A6}.Debug|Any CPU.ActiveCfg = Debug|Any CPU
		{3F267D0F-3EE6-480D-AC00-E2ECCE3250A6}.Debug|Any CPU.Build.0 = Debug|Any CPU
		{3F267D0F-3EE6-480D-AC00-E2ECCE3250A6}.Release|Any CPU.ActiveCfg = Release|Any CPU
		{3F267D0F-3EE6-480D-AC00-E2ECCE3250A6}.Release|Any CPU.Build.0 = Release|Any CPU
	EndGlobalSection
	GlobalSection(SolutionProperties) = preSolution
		HideSolutionNode = FALSE
	EndGlobalSection
	GlobalSection(ExtensibilityGlobals) = postSolution
		SolutionGuid = {019E555B-6177-4C8C-B3AF-FA0C90D163F6}
	EndGlobalSection
EndGlobal
