
Microsoft Visual Studio Solution File, Format Version 12.00
# Visual Studio Version 17
VisualStudioVersion = 17.8.34330.188
MinimumVisualStudioVersion = 10.0.40219.1
Project("{FAE04EC0-301F-11D3-BF4B-00C04F79EFBC}") = "ReflectionPart2", "ReflectionPart2.csproj", "{7EC216FE-8B09-47AC-9AE9-D2076813F8DF}"
EndProject
Global
	GlobalSection(SolutionConfigurationPlatforms) = preSolution
		Debug|Any CPU = Debug|Any CPU
		Release|Any CPU = Release|Any CPU
	EndGlobalSection
	GlobalSection(ProjectConfigurationPlatforms) = postSolution
		{7EC216FE-8B09-47AC-9AE9-D2076813F8DF}.Debug|Any CPU.ActiveCfg = Debug|Any CPU
		{7EC216FE-8B09-47AC-9AE9-D2076813F8DF}.Debug|Any CPU.Build.0 = Debug|Any CPU
		{7EC216FE-8B09-47AC-9AE9-D2076813F8DF}.Release|Any CPU.ActiveCfg = Release|Any CPU
		{7EC216FE-8B09-47AC-9AE9-D2076813F8DF}.Release|Any CPU.Build.0 = Release|Any CPU
	EndGlobalSection
	GlobalSection(SolutionProperties) = preSolution
		HideSolutionNode = FALSE
	EndGlobalSection
	GlobalSection(ExtensibilityGlobals) = postSolution
		SolutionGuid = {8E361631-F598-4629-AF59-54016F8F5A81}
	EndGlobalSection
EndGlobal
