
Microsoft Visual Studio Solution File, Format Version 12.00
# Visual Studio Version 17
VisualStudioVersion = 17.8.34330.188
MinimumVisualStudioVersion = 10.0.40219.1
Project("{FAE04EC0-301F-11D3-BF4B-00C04F79EFBC}") = "App", "App.csproj", "{FE64F5F4-CBD7-4591-9DE1-B185731FAAC1}"
EndProject
Global
	GlobalSection(SolutionConfigurationPlatforms) = preSolution
		Debug|Any CPU = Debug|Any CPU
		Release|Any CPU = Release|Any CPU
	EndGlobalSection
	GlobalSection(ProjectConfigurationPlatforms) = postSolution
		{FE64F5F4-CBD7-4591-9DE1-B185731FAAC1}.Debug|Any CPU.ActiveCfg = Debug|Any CPU
		{FE64F5F4-CBD7-4591-9DE1-B185731FAAC1}.Debug|Any CPU.Build.0 = Debug|Any CPU
		{FE64F5F4-CBD7-4591-9DE1-B185731FAAC1}.Release|Any CPU.ActiveCfg = Release|Any CPU
		{FE64F5F4-CBD7-4591-9DE1-B185731FAAC1}.Release|Any CPU.Build.0 = Release|Any CPU
	EndGlobalSection
	GlobalSection(SolutionProperties) = preSolution
		HideSolutionNode = FALSE
	EndGlobalSection
	GlobalSection(ExtensibilityGlobals) = postSolution
		SolutionGuid = {40724732-EFBB-4B99-B548-E9EC43E525A8}
	EndGlobalSection
EndGlobal
