
Microsoft Visual Studio Solution File, Format Version 12.00
# Visual Studio Version 17
VisualStudioVersion = 17.8.34330.188
MinimumVisualStudioVersion = 10.0.40219.1
Project("{FAE04EC0-301F-11D3-BF4B-00C04F79EFBC}") = "App", "App\App.csproj", "{88B8D4BF-7CED-4AAD-91EC-1C6306333A38}"
EndProject
Global
	GlobalSection(SolutionConfigurationPlatforms) = preSolution
		Debug|Any CPU = Debug|Any CPU
		Release|Any CPU = Release|Any CPU
	EndGlobalSection
	GlobalSection(ProjectConfigurationPlatforms) = postSolution
		{88B8D4BF-7CED-4AAD-91EC-1C6306333A38}.Debug|Any CPU.ActiveCfg = Debug|Any CPU
		{88B8D4BF-7CED-4AAD-91EC-1C6306333A38}.Debug|Any CPU.Build.0 = Debug|Any CPU
		{88B8D4BF-7CED-4AAD-91EC-1C6306333A38}.Release|Any CPU.ActiveCfg = Release|Any CPU
		{88B8D4BF-7CED-4AAD-91EC-1C6306333A38}.Release|Any CPU.Build.0 = Release|Any CPU
	EndGlobalSection
	GlobalSection(SolutionProperties) = preSolution
		HideSolutionNode = FALSE
	EndGlobalSection
	GlobalSection(ExtensibilityGlobals) = postSolution
		SolutionGuid = {67DCC90D-69D2-4D4D-A7FE-CE25FAE3A004}
	EndGlobalSection
EndGlobal
