
Microsoft Visual Studio Solution File, Format Version 12.00
# Visual Studio Version 17
VisualStudioVersion = 17.8.34330.188
MinimumVisualStudioVersion = 10.0.40219.1
Project("{FAE04EC0-301F-11D3-BF4B-00C04F79EFBC}") = "Expressions", "Expressions.csproj", "{93027E5A-6D45-43C4-9BEF-EB82CCBE077B}"
EndProject
Project("{FAE04EC0-301F-11D3-BF4B-00C04F79EFBC}") = "CostumLib", "..\CostumLib\CostumLib.csproj", "{C95C6EC0-F4FF-4C19-ADA6-52ACAA646C42}"
EndProject
Global
	GlobalSection(SolutionConfigurationPlatforms) = preSolution
		Debug|Any CPU = Debug|Any CPU
		Release|Any CPU = Release|Any CPU
	EndGlobalSection
	GlobalSection(ProjectConfigurationPlatforms) = postSolution
		{93027E5A-6D45-43C4-9BEF-EB82CCBE077B}.Debug|Any CPU.ActiveCfg = Debug|Any CPU
		{93027E5A-6D45-43C4-9BEF-EB82CCBE077B}.Debug|Any CPU.Build.0 = Debug|Any CPU
		{93027E5A-6D45-43C4-9BEF-EB82CCBE077B}.Release|Any CPU.ActiveCfg = Release|Any CPU
		{93027E5A-6D45-43C4-9BEF-EB82CCBE077B}.Release|Any CPU.Build.0 = Release|Any CPU
		{C95C6EC0-F4FF-4C19-ADA6-52ACAA646C42}.Debug|Any CPU.ActiveCfg = Debug|Any CPU
		{C95C6EC0-F4FF-4C19-ADA6-52ACAA646C42}.Debug|Any CPU.Build.0 = Debug|Any CPU
		{C95C6EC0-F4FF-4C19-ADA6-52ACAA646C42}.Release|Any CPU.ActiveCfg = Release|Any CPU
		{C95C6EC0-F4FF-4C19-ADA6-52ACAA646C42}.Release|Any CPU.Build.0 = Release|Any CPU
	EndGlobalSection
	GlobalSection(SolutionProperties) = preSolution
		HideSolutionNode = FALSE
	EndGlobalSection
	GlobalSection(ExtensibilityGlobals) = postSolution
		SolutionGuid = {7D37E132-90AD-46FA-BE6F-3AC54402A758}
	EndGlobalSection
EndGlobal
